
Microsoft Visual Studio Solution File, Format Version 12.00
# Visual Studio 2013
VisualStudioVersion = 12.0.30723.0
MinimumVisualStudioVersion = 10.0.40219.1
Project("{FAE04EC0-301F-11D3-BF4B-00C04F79EFBC}") = "MPSettings.Test", "MPSettings.Test\MPSettings.Test.csproj", "{469C860B-DC10-404E-851E-BE2E95C9E0AE}"
EndProject
Project("{FAE04EC0-301F-11D3-BF4B-00C04F79EFBC}") = "MPSettings", "MPSettings\MPSettings.csproj", "{6304171E-0CD6-4FB8-A993-25082129E753}"
	ProjectSection(ProjectDependencies) = postProject
		{B62CBF49-7C70-4455-9F25-605439A737EC} = {B62CBF49-7C70-4455-9F25-605439A737EC}
	EndProjectSection
EndProject
Project("{FAE04EC0-301F-11D3-BF4B-00C04F79EFBC}") = "MPSettings.Net", "MPSettings.Net\MPSettings.Net.csproj", "{7CA20D3C-1D90-432E-AA42-ABAB330C2A07}"
	ProjectSection(ProjectDependencies) = postProject
		{6304171E-0CD6-4FB8-A993-25082129E753} = {6304171E-0CD6-4FB8-A993-25082129E753}
	EndProjectSection
EndProject
Project("{FAE04EC0-301F-11D3-BF4B-00C04F79EFBC}") = "MPSettings.Tools.ProjectBuilder", "MPSettings.Tools.ProjectBuilder\MPSettings.Tools.ProjectBuilder.csproj", "{B62CBF49-7C70-4455-9F25-605439A737EC}"
EndProject
Global
	GlobalSection(SolutionConfigurationPlatforms) = preSolution
		Debug|Any CPU = Debug|Any CPU
		Release|Any CPU = Release|Any CPU
	EndGlobalSection
	GlobalSection(ProjectConfigurationPlatforms) = postSolution
		{469C860B-DC10-404E-851E-BE2E95C9E0AE}.Debug|Any CPU.ActiveCfg = Debug|Any CPU
		{469C860B-DC10-404E-851E-BE2E95C9E0AE}.Debug|Any CPU.Build.0 = Debug|Any CPU
		{469C860B-DC10-404E-851E-BE2E95C9E0AE}.Release|Any CPU.ActiveCfg = Release|Any CPU
		{469C860B-DC10-404E-851E-BE2E95C9E0AE}.Release|Any CPU.Build.0 = Release|Any CPU
		{6304171E-0CD6-4FB8-A993-25082129E753}.Debug|Any CPU.ActiveCfg = Debug|Any CPU
		{6304171E-0CD6-4FB8-A993-25082129E753}.Debug|Any CPU.Build.0 = Debug|Any CPU
		{6304171E-0CD6-4FB8-A993-25082129E753}.Release|Any CPU.ActiveCfg = Release|Any CPU
		{6304171E-0CD6-4FB8-A993-25082129E753}.Release|Any CPU.Build.0 = Release|Any CPU
		{7CA20D3C-1D90-432E-AA42-ABAB330C2A07}.Debug|Any CPU.ActiveCfg = Debug|Any CPU
		{7CA20D3C-1D90-432E-AA42-ABAB330C2A07}.Debug|Any CPU.Build.0 = Debug|Any CPU
		{7CA20D3C-1D90-432E-AA42-ABAB330C2A07}.Release|Any CPU.ActiveCfg = Release|Any CPU
		{7CA20D3C-1D90-432E-AA42-ABAB330C2A07}.Release|Any CPU.Build.0 = Release|Any CPU
		{B62CBF49-7C70-4455-9F25-605439A737EC}.Debug|Any CPU.ActiveCfg = Debug|Any CPU
		{B62CBF49-7C70-4455-9F25-605439A737EC}.Debug|Any CPU.Build.0 = Debug|Any CPU
		{B62CBF49-7C70-4455-9F25-605439A737EC}.Release|Any CPU.ActiveCfg = Release|Any CPU
		{B62CBF49-7C70-4455-9F25-605439A737EC}.Release|Any CPU.Build.0 = Release|Any CPU
	EndGlobalSection
	GlobalSection(SolutionProperties) = preSolution
		HideSolutionNode = FALSE
	EndGlobalSection
EndGlobal
