
Microsoft Visual Studio Solution File, Format Version 12.00
# Visual Studio 2012
Project("{FAE04EC0-301F-11D3-BF4B-00C04F79EFBC}") = "MPSettings", "MPSettings\MPSettings.csproj", "{D0B2718E-53F2-410B-96D0-CB84830A584E}"
EndProject
Global
	GlobalSection(SolutionConfigurationPlatforms) = preSolution
		Debug|Any CPU = Debug|Any CPU
		Release|Any CPU = Release|Any CPU
	EndGlobalSection
	GlobalSection(ProjectConfigurationPlatforms) = postSolution
		{D0B2718E-53F2-410B-96D0-CB84830A584E}.Debug|Any CPU.ActiveCfg = Debug|Any CPU
		{D0B2718E-53F2-410B-96D0-CB84830A584E}.Debug|Any CPU.Build.0 = Debug|Any CPU
		{D0B2718E-53F2-410B-96D0-CB84830A584E}.Release|Any CPU.ActiveCfg = Release|Any CPU
		{D0B2718E-53F2-410B-96D0-CB84830A584E}.Release|Any CPU.Build.0 = Release|Any CPU
	EndGlobalSection
	GlobalSection(SolutionProperties) = preSolution
		HideSolutionNode = FALSE
	EndGlobalSection
EndGlobal
