
Microsoft Visual Studio Solution File, Format Version 12.00
# Visual Studio 2012
Project("{FAE04EC0-301F-11D3-BF4B-00C04F79EFBC}") = "MPSettings", "MPSettings\MPSettings.csproj", "{D0B2718E-53F2-410B-96D0-CB84830A584E}"
EndProject
Project("{FAE04EC0-301F-11D3-BF4B-00C04F79EFBC}") = "MPSettings.Test", "MPSettings.Test\MPSettings.Test.csproj", "{469C860B-DC10-404E-851E-BE2E95C9E0AE}"
EndProject
Project("{FAE04EC0-301F-11D3-BF4B-00C04F79EFBC}") = "MPSettings.YamlProvider", "MPSettings.YamlProvider\MPSettings.YamlProvider.csproj", "{E92B019E-B2C9-4802-90E4-6A151F0AEAFA}"
EndProject
Project("{FAE04EC0-301F-11D3-BF4B-00C04F79EFBC}") = "MPSettings.YamlProvider.Test", "MPSettings.YamlProvider.Test\MPSettings.YamlProvider.Test.csproj", "{B871D1A9-0FBC-4DB8-B03A-5308D7C91ABB}"
EndProject
Global
	GlobalSection(SolutionConfigurationPlatforms) = preSolution
		Debug|Any CPU = Debug|Any CPU
		Release|Any CPU = Release|Any CPU
	EndGlobalSection
	GlobalSection(ProjectConfigurationPlatforms) = postSolution
		{D0B2718E-53F2-410B-96D0-CB84830A584E}.Debug|Any CPU.ActiveCfg = Debug|Any CPU
		{D0B2718E-53F2-410B-96D0-CB84830A584E}.Debug|Any CPU.Build.0 = Debug|Any CPU
		{D0B2718E-53F2-410B-96D0-CB84830A584E}.Release|Any CPU.ActiveCfg = Release|Any CPU
		{D0B2718E-53F2-410B-96D0-CB84830A584E}.Release|Any CPU.Build.0 = Release|Any CPU
		{469C860B-DC10-404E-851E-BE2E95C9E0AE}.Debug|Any CPU.ActiveCfg = Debug|Any CPU
		{469C860B-DC10-404E-851E-BE2E95C9E0AE}.Debug|Any CPU.Build.0 = Debug|Any CPU
		{469C860B-DC10-404E-851E-BE2E95C9E0AE}.Release|Any CPU.ActiveCfg = Release|Any CPU
		{469C860B-DC10-404E-851E-BE2E95C9E0AE}.Release|Any CPU.Build.0 = Release|Any CPU
		{E92B019E-B2C9-4802-90E4-6A151F0AEAFA}.Debug|Any CPU.ActiveCfg = Debug|Any CPU
		{E92B019E-B2C9-4802-90E4-6A151F0AEAFA}.Debug|Any CPU.Build.0 = Debug|Any CPU
		{E92B019E-B2C9-4802-90E4-6A151F0AEAFA}.Release|Any CPU.ActiveCfg = Release|Any CPU
		{E92B019E-B2C9-4802-90E4-6A151F0AEAFA}.Release|Any CPU.Build.0 = Release|Any CPU
		{B871D1A9-0FBC-4DB8-B03A-5308D7C91ABB}.Debug|Any CPU.ActiveCfg = Debug|Any CPU
		{B871D1A9-0FBC-4DB8-B03A-5308D7C91ABB}.Debug|Any CPU.Build.0 = Debug|Any CPU
		{B871D1A9-0FBC-4DB8-B03A-5308D7C91ABB}.Release|Any CPU.ActiveCfg = Release|Any CPU
		{B871D1A9-0FBC-4DB8-B03A-5308D7C91ABB}.Release|Any CPU.Build.0 = Release|Any CPU
	EndGlobalSection
	GlobalSection(SolutionProperties) = preSolution
		HideSolutionNode = FALSE
	EndGlobalSection
EndGlobal
